{
  "version": 4,
  "terraform_version": "1.14.8",
  "serial": 6,
  "lineage": "866efb21-e781-c11c-ca17-08179972aa2c",
  "outputs": {
    "client_private_ip": {
      "value": "172.31.2.5",
      "type": "string"
    },
    "client_public_ip": {
      "value": "",
      "type": "string"
    },
    "controller_private_ip": {
      "value": "172.31.3.231",
      "type": "string"
    },
    "controller_public_ip": {
      "value": "",
      "type": "string"
    },
    "kubeadm_init_command": {
      "value": "sudo kubeadm init --apiserver-advertise-address=172.31.3.231 --pod-network-cidr=10.244.0.0/16",
      "type": "string"
    },
    "security_group_id": {
      "value": "sg-0a57dfab25eb97ec9",
      "type": "string"
    },
    "ssh_command_client": {
      "value": "ssh -i ~/.ssh/id_rsa.pub ubuntu@",
      "type": "string"
    },
    "ssh_command_controller": {
      "value": "ssh -i ~/.ssh/id_rsa.pub ubuntu@",
      "type": "string"
    },
    "ssh_command_worker": {
      "value": "ssh -i ~/.ssh/id_rsa.pub ubuntu@",
      "type": "string"
    },
    "worker_private_ip": {
      "value": "172.31.2.252",
      "type": "string"
    },
    "worker_public_ip": {
      "value": "",
      "type": "string"
    }
  },
  "resources": [
    {
      "mode": "managed",
      "type": "aws_instance",
      "name": "k8s_client",
      "provider": "provider[\"registry.terraform.io/hashicorp/aws\"]",
      "instances": [
        {
          "schema_version": 1,
          "attributes": {
            "ami": "ami-01811d4912b4ccb26",
            "arn": "arn:aws:ec2:ap-southeast-1:891920435433:instance/i-0e54c7646abe99820",
            "associate_public_ip_address": false,
            "availability_zone": "ap-southeast-1c",
            "capacity_reservation_specification": [
              {
                "capacity_reservation_preference": "open",
                "capacity_reservation_target": []
              }
            ],
            "cpu_core_count": 1,
            "cpu_options": [
              {
                "amd_sev_snp": "",
                "core_count": 1,
                "threads_per_core": 2
              }
            ],
            "cpu_threads_per_core": 2,
            "credit_specification": [
              {
                "cpu_credits": "unlimited"
              }
            ],
            "disable_api_stop": false,
            "disable_api_termination": false,
            "ebs_block_device": [],
            "ebs_optimized": false,
            "enable_primary_ipv6": null,
            "enclave_options": [
              {
                "enabled": false
              }
            ],
            "ephemeral_block_device": [],
            "get_password_data": false,
            "hibernation": false,
            "host_id": "",
            "host_resource_group_arn": null,
            "iam_instance_profile": "",
            "id": "i-0e54c7646abe99820",
            "instance_initiated_shutdown_behavior": "stop",
            "instance_lifecycle": "",
            "instance_market_options": [],
            "instance_state": "running",
            "instance_type": "t3.small",
            "ipv6_address_count": 0,
            "ipv6_addresses": [],
            "key_name": "DEVOPS-CLASS-2601-key",
            "launch_template": [],
            "maintenance_options": [
              {
                "auto_recovery": "default"
              }
            ],
            "metadata_options": [
              {
                "http_endpoint": "enabled",
                "http_protocol_ipv6": "disabled",
                "http_put_response_hop_limit": 2,
                "http_tokens": "required",
                "instance_metadata_tags": "disabled"
              }
            ],
            "monitoring": false,
            "network_interface": [],
            "outpost_arn": "",
            "password_data": "",
            "placement_group": "",
            "placement_partition_number": 0,
            "primary_network_interface_id": "eni-0448c8a986dfcbd20",
            "private_dns": "ip-172-31-2-5.ap-southeast-1.compute.internal",
            "private_dns_name_options": [
              {
                "enable_resource_name_dns_a_record": false,
                "enable_resource_name_dns_aaaa_record": false,
                "hostname_type": "ip-name"
              }
            ],
            "private_ip": "172.31.2.5",
            "public_dns": "",
            "public_ip": "",
            "root_block_device": [
              {
                "delete_on_termination": true,
                "device_name": "/dev/sda1",
                "encrypted": true,
                "iops": 3000,
                "kms_key_id": "arn:aws:kms:ap-southeast-1:891920435433:key/90aec35a-de38-4eea-b47c-183979ac4c1f",
                "tags": null,
                "tags_all": {},
                "throughput": 125,
                "volume_id": "vol-0477ea249d4368ec5",
                "volume_size": 20,
                "volume_type": "gp3"
              }
            ],
            "secondary_private_ips": [],
            "security_groups": [
              "DEVOPS-CLASS-2601-sg"
            ],
            "source_dest_check": true,
            "spot_instance_request_id": "",
            "subnet_id": "subnet-02dcbddd070558451",
            "tags": {
              "Environment": "dev",
              "Name": "DEVOPS-CLASS-2601-client",
              "Role": "client",
              "Type": "kubernetes-client"
            },
            "tags_all": {
              "Environment": "dev",
              "Name": "DEVOPS-CLASS-2601-client",
              "Role": "client",
              "Type": "kubernetes-client"
            },
            "tenancy": "default",
            "timeouts": null,
            "user_data": "4dde4d978cd6fc3162cd5500c74fe223e117e4ea",
            "user_data_base64": null,
            "user_data_replace_on_change": false,
            "volume_tags": null,
            "vpc_security_group_ids": [
              "sg-0a57dfab25eb97ec9"
            ]
          },
          "sensitive_attributes": [],
          "identity_schema_version": 0,
          "private": "eyJlMmJmYjczMC1lY2FhLTExZTYtOGY4OC0zNDM2M2JjN2M0YzAiOnsiY3JlYXRlIjo2MDAwMDAwMDAwMDAsImRlbGV0ZSI6MTIwMDAwMDAwMDAwMCwicmVhZCI6OTAwMDAwMDAwMDAwLCJ1cGRhdGUiOjYwMDAwMDAwMDAwMH0sInNjaGVtYV92ZXJzaW9uIjoiMSJ9",
          "dependencies": [
            "aws_key_pair.k8s_key",
            "aws_security_group.k8s_cluster_sg"
          ]
        }
      ]
    },
    {
      "mode": "managed",
      "type": "aws_instance",
      "name": "k8s_controller",
      "provider": "provider[\"registry.terraform.io/hashicorp/aws\"]",
      "instances": [
        {
          "schema_version": 1,
          "attributes": {
            "ami": "ami-01811d4912b4ccb26",
            "arn": "arn:aws:ec2:ap-southeast-1:891920435433:instance/i-028ec4140801b7b87",
            "associate_public_ip_address": false,
            "availability_zone": "ap-southeast-1c",
            "capacity_reservation_specification": [
              {
                "capacity_reservation_preference": "open",
                "capacity_reservation_target": []
              }
            ],
            "cpu_core_count": 1,
            "cpu_options": [
              {
                "amd_sev_snp": "",
                "core_count": 1,
                "threads_per_core": 2
              }
            ],
            "cpu_threads_per_core": 2,
            "credit_specification": [
              {
                "cpu_credits": "unlimited"
              }
            ],
            "disable_api_stop": false,
            "disable_api_termination": false,
            "ebs_block_device": [],
            "ebs_optimized": false,
            "enable_primary_ipv6": null,
            "enclave_options": [
              {
                "enabled": false
              }
            ],
            "ephemeral_block_device": [],
            "get_password_data": false,
            "hibernation": false,
            "host_id": "",
            "host_resource_group_arn": null,
            "iam_instance_profile": "",
            "id": "i-028ec4140801b7b87",
            "instance_initiated_shutdown_behavior": "stop",
            "instance_lifecycle": "",
            "instance_market_options": [],
            "instance_state": "running",
            "instance_type": "t3.medium",
            "ipv6_address_count": 0,
            "ipv6_addresses": [],
            "key_name": "DEVOPS-CLASS-2601-key",
            "launch_template": [],
            "maintenance_options": [
              {
                "auto_recovery": "default"
              }
            ],
            "metadata_options": [
              {
                "http_endpoint": "enabled",
                "http_protocol_ipv6": "disabled",
                "http_put_response_hop_limit": 2,
                "http_tokens": "required",
                "instance_metadata_tags": "disabled"
              }
            ],
            "monitoring": false,
            "network_interface": [],
            "outpost_arn": "",
            "password_data": "",
            "placement_group": "",
            "placement_partition_number": 0,
            "primary_network_interface_id": "eni-0b29589bd06a17939",
            "private_dns": "ip-172-31-3-231.ap-southeast-1.compute.internal",
            "private_dns_name_options": [
              {
                "enable_resource_name_dns_a_record": false,
                "enable_resource_name_dns_aaaa_record": false,
                "hostname_type": "ip-name"
              }
            ],
            "private_ip": "172.31.3.231",
            "public_dns": "",
            "public_ip": "",
            "root_block_device": [
              {
                "delete_on_termination": true,
                "device_name": "/dev/sda1",
                "encrypted": true,
                "iops": 3000,
                "kms_key_id": "arn:aws:kms:ap-southeast-1:891920435433:key/90aec35a-de38-4eea-b47c-183979ac4c1f",
                "tags": null,
                "tags_all": {},
                "throughput": 125,
                "volume_id": "vol-0331a298d346915d7",
                "volume_size": 30,
                "volume_type": "gp3"
              }
            ],
            "secondary_private_ips": [],
            "security_groups": [
              "DEVOPS-CLASS-2601-sg"
            ],
            "source_dest_check": true,
            "spot_instance_request_id": "",
            "subnet_id": "subnet-02dcbddd070558451",
            "tags": {
              "Environment": "dev",
              "Name": "DEVOPS-CLASS-2601-controller",
              "Role": "master",
              "Type": "kubernetes-controller"
            },
            "tags_all": {
              "Environment": "dev",
              "Name": "DEVOPS-CLASS-2601-controller",
              "Role": "master",
              "Type": "kubernetes-controller"
            },
            "tenancy": "default",
            "timeouts": null,
            "user_data": "7f03ad5840edb2572d3f09fb545f06d2f7c5e982",
            "user_data_base64": null,
            "user_data_replace_on_change": false,
            "volume_tags": null,
            "vpc_security_group_ids": [
              "sg-0a57dfab25eb97ec9"
            ]
          },
          "sensitive_attributes": [],
          "identity_schema_version": 0,
          "private": "eyJlMmJmYjczMC1lY2FhLTExZTYtOGY4OC0zNDM2M2JjN2M0YzAiOnsiY3JlYXRlIjo2MDAwMDAwMDAwMDAsImRlbGV0ZSI6MTIwMDAwMDAwMDAwMCwicmVhZCI6OTAwMDAwMDAwMDAwLCJ1cGRhdGUiOjYwMDAwMDAwMDAwMH0sInNjaGVtYV92ZXJzaW9uIjoiMSJ9",
          "dependencies": [
            "aws_key_pair.k8s_key",
            "aws_security_group.k8s_cluster_sg"
          ]
        }
      ]
    },
    {
      "mode": "managed",
      "type": "aws_instance",
      "name": "k8s_worker",
      "provider": "provider[\"registry.terraform.io/hashicorp/aws\"]",
      "instances": [
        {
          "schema_version": 1,
          "attributes": {
            "ami": "ami-01811d4912b4ccb26",
            "arn": "arn:aws:ec2:ap-southeast-1:891920435433:instance/i-08e96dae875245cc8",
            "associate_public_ip_address": false,
            "availability_zone": "ap-southeast-1c",
            "capacity_reservation_specification": [
              {
                "capacity_reservation_preference": "open",
                "capacity_reservation_target": []
              }
            ],
            "cpu_core_count": 1,
            "cpu_options": [
              {
                "amd_sev_snp": "",
                "core_count": 1,
                "threads_per_core": 2
              }
            ],
            "cpu_threads_per_core": 2,
            "credit_specification": [
              {
                "cpu_credits": "unlimited"
              }
            ],
            "disable_api_stop": false,
            "disable_api_termination": false,
            "ebs_block_device": [],
            "ebs_optimized": false,
            "enable_primary_ipv6": null,
            "enclave_options": [
              {
                "enabled": false
              }
            ],
            "ephemeral_block_device": [],
            "get_password_data": false,
            "hibernation": false,
            "host_id": "",
            "host_resource_group_arn": null,
            "iam_instance_profile": "",
            "id": "i-08e96dae875245cc8",
            "instance_initiated_shutdown_behavior": "stop",
            "instance_lifecycle": "",
            "instance_market_options": [],
            "instance_state": "running",
            "instance_type": "t3.medium",
            "ipv6_address_count": 0,
            "ipv6_addresses": [],
            "key_name": "DEVOPS-CLASS-2601-key",
            "launch_template": [],
            "maintenance_options": [
              {
                "auto_recovery": "default"
              }
            ],
            "metadata_options": [
              {
                "http_endpoint": "enabled",
                "http_protocol_ipv6": "disabled",
                "http_put_response_hop_limit": 2,
                "http_tokens": "required",
                "instance_metadata_tags": "disabled"
              }
            ],
            "monitoring": false,
            "network_interface": [],
            "outpost_arn": "",
            "password_data": "",
            "placement_group": "",
            "placement_partition_number": 0,
            "primary_network_interface_id": "eni-0c85284c74b333e93",
            "private_dns": "ip-172-31-2-252.ap-southeast-1.compute.internal",
            "private_dns_name_options": [
              {
                "enable_resource_name_dns_a_record": false,
                "enable_resource_name_dns_aaaa_record": false,
                "hostname_type": "ip-name"
              }
            ],
            "private_ip": "172.31.2.252",
            "public_dns": "",
            "public_ip": "",
            "root_block_device": [
              {
                "delete_on_termination": true,
                "device_name": "/dev/sda1",
                "encrypted": true,
                "iops": 3000,
                "kms_key_id": "arn:aws:kms:ap-southeast-1:891920435433:key/90aec35a-de38-4eea-b47c-183979ac4c1f",
                "tags": null,
                "tags_all": {},
                "throughput": 125,
                "volume_id": "vol-0f5096c56c50892bb",
                "volume_size": 30,
                "volume_type": "gp3"
              }
            ],
            "secondary_private_ips": [],
            "security_groups": [
              "DEVOPS-CLASS-2601-sg"
            ],
            "source_dest_check": true,
            "spot_instance_request_id": "",
            "subnet_id": "subnet-02dcbddd070558451",
            "tags": {
              "Environment": "dev",
              "Name": "DEVOPS-CLASS-2601-worker",
              "Role": "worker",
              "Type": "kubernetes-worker"
            },
            "tags_all": {
              "Environment": "dev",
              "Name": "DEVOPS-CLASS-2601-worker",
              "Role": "worker",
              "Type": "kubernetes-worker"
            },
            "tenancy": "default",
            "timeouts": null,
            "user_data": "98cf650a008cb3366a6ddd4fb6ef40ba47787ce7",
            "user_data_base64": null,
            "user_data_replace_on_change": false,
            "volume_tags": null,
            "vpc_security_group_ids": [
              "sg-0a57dfab25eb97ec9"
            ]
          },
          "sensitive_attributes": [],
          "identity_schema_version": 0,
          "private": "eyJlMmJmYjczMC1lY2FhLTExZTYtOGY4OC0zNDM2M2JjN2M0YzAiOnsiY3JlYXRlIjo2MDAwMDAwMDAwMDAsImRlbGV0ZSI6MTIwMDAwMDAwMDAwMCwicmVhZCI6OTAwMDAwMDAwMDAwLCJ1cGRhdGUiOjYwMDAwMDAwMDAwMH0sInNjaGVtYV92ZXJzaW9uIjoiMSJ9",
          "dependencies": [
            "aws_key_pair.k8s_key",
            "aws_security_group.k8s_cluster_sg"
          ]
        }
      ]
    },
    {
      "mode": "managed",
      "type": "aws_key_pair",
      "name": "k8s_key",
      "provider": "provider[\"registry.terraform.io/hashicorp/aws\"]",
      "instances": [
        {
          "schema_version": 1,
          "attributes": {
            "arn": "arn:aws:ec2:ap-southeast-1:891920435433:key-pair/DEVOPS-CLASS-2601-key",
            "fingerprint": "7c:ea:74:14:12:27:96:5a:39:49:02:cf:d2:8d:a2:69",
            "id": "DEVOPS-CLASS-2601-key",
            "key_name": "DEVOPS-CLASS-2601-key",
            "key_name_prefix": "",
            "key_pair_id": "key-03fdefed3a85e1497",
            "key_type": "rsa",
            "public_key": "ssh-rsa AAAAB3NzaC1yc2EAAAADAQABAAABgQDiEESStnvh1762uoO49r2fgAni2tuSZnNOTg5SBOIbLnOOckn+w69WZWDYG4P49YuE+Nw5cFT9M+AFcSK3VHsdYAmDI/HDKF7zq2QhD/qVUc/lxpi6YSCSUCTZwdDLp7xeDI5OqhGZGe3lWkN1rjwe06pjv62nj4CbUQjk0p40ga/h4PrEGQNSQPExrW+CGzS5sNR0dMNkzm6rE8pcD0syl7nNpFak9DAT9N52neECPobmljQidyw6gxj3XCBwDxCI2wSwULUt8g4L/0Vd6RL5P+EXM+ngH+buSoRv9W3aAniU7LIN6gPD4sdiHQbjq9+5DToYHIGpp2LSFlmpQWegSCUBxRlmYXCliENMv37HSzMIUC6oAdaHwiR4djXx2wfa5WMkPAC09Vzn3f1ExUX1YowPIHALsllNwpxkQwJ+fPj8EUpGS0zVuThhPu7UfUOSbE/9lETbj0EpuUjDxNyBZVcdRqbmAXplbyRMw4QYDgrT8AyS2oLIE7MVp2j8Ah0= lap15260@dell",
            "tags": {
              "Environment": "dev",
              "Name": "DEVOPS-CLASS-2601-key"
            },
            "tags_all": {
              "Environment": "dev",
              "Name": "DEVOPS-CLASS-2601-key"
            }
          },
          "sensitive_attributes": [],
          "identity_schema_version": 0,
          "private": "eyJzY2hlbWFfdmVyc2lvbiI6IjEifQ=="
        }
      ]
    },
    {
      "mode": "managed",
      "type": "aws_security_group",
      "name": "k8s_cluster_sg",
      "provider": "provider[\"registry.terraform.io/hashicorp/aws\"]",
      "instances": [
        {
          "schema_version": 1,
          "attributes": {
            "arn": "arn:aws:ec2:ap-southeast-1:891920435433:security-group/sg-0a57dfab25eb97ec9",
            "description": "Security group for Kubernetes cluster nodes",
            "egress": [
              {
                "cidr_blocks": [
                  "0.0.0.0/0"
                ],
                "description": "",
                "from_port": 0,
                "ipv6_cidr_blocks": [],
                "prefix_list_ids": [],
                "protocol": "-1",
                "security_groups": [],
                "self": false,
                "to_port": 0
              }
            ],
            "id": "sg-0a57dfab25eb97ec9",
            "ingress": [
              {
                "cidr_blocks": [
                  "0.0.0.0/0"
                ],
                "description": "",
                "from_port": 22,
                "ipv6_cidr_blocks": [],
                "prefix_list_ids": [],
                "protocol": "tcp",
                "security_groups": [],
                "self": false,
                "to_port": 22
              },
              {
                "cidr_blocks": [
                  "0.0.0.0/0"
                ],
                "description": "",
                "from_port": 30000,
                "ipv6_cidr_blocks": [],
                "prefix_list_ids": [],
                "protocol": "tcp",
                "security_groups": [],
                "self": false,
                "to_port": 32767
              },
              {
                "cidr_blocks": [
                  "0.0.0.0/0"
                ],
                "description": "",
                "from_port": 6443,
                "ipv6_cidr_blocks": [],
                "prefix_list_ids": [],
                "protocol": "tcp",
                "security_groups": [],
                "self": false,
                "to_port": 6443
              },
              {
                "cidr_blocks": [],
                "description": "",
                "from_port": 10250,
                "ipv6_cidr_blocks": [],
                "prefix_list_ids": [],
                "protocol": "tcp",
                "security_groups": [],
                "self": true,
                "to_port": 10250
              },
              {
                "cidr_blocks": [],
                "description": "",
                "from_port": 10257,
                "ipv6_cidr_blocks": [],
                "prefix_list_ids": [],
                "protocol": "tcp",
                "security_groups": [],
                "self": true,
                "to_port": 10257
              },
              {
                "cidr_blocks": [],
                "description": "",
                "from_port": 10259,
                "ipv6_cidr_blocks": [],
                "prefix_list_ids": [],
                "protocol": "tcp",
                "security_groups": [],
                "self": true,
                "to_port": 10259
              },
              {
                "cidr_blocks": [],
                "description": "",
                "from_port": 2379,
                "ipv6_cidr_blocks": [],
                "prefix_list_ids": [],
                "protocol": "tcp",
                "security_groups": [],
                "self": true,
                "to_port": 2380
              },
              {
                "cidr_blocks": [],
                "description": "",
                "from_port": 8472,
                "ipv6_cidr_blocks": [],
                "prefix_list_ids": [],
                "protocol": "udp",
                "security_groups": [],
                "self": true,
                "to_port": 8472
              }
            ],
            "name": "DEVOPS-CLASS-2601-sg",
            "name_prefix": "",
            "owner_id": "891920435433",
            "revoke_rules_on_delete": false,
            "tags": {
              "Environment": "dev",
              "Name": "DEVOPS-CLASS-2601-sg",
              "Type": "kubernetes"
            },
            "tags_all": {
              "Environment": "dev",
              "Name": "DEVOPS-CLASS-2601-sg",
              "Type": "kubernetes"
            },
            "timeouts": null,
            "vpc_id": "vpc-036b914bdf14d227e"
          },
          "sensitive_attributes": [],
          "identity_schema_version": 0,
          "private": "eyJlMmJmYjczMC1lY2FhLTExZTYtOGY4OC0zNDM2M2JjN2M0YzAiOnsiY3JlYXRlIjo2MDAwMDAwMDAwMDAsImRlbGV0ZSI6OTAwMDAwMDAwMDAwfSwic2NoZW1hX3ZlcnNpb24iOiIxIn0="
        }
      ]
    }
  ],
  "check_results": null
}
